{
  "object": {
    "pins": [
      {
        "package": "HeliumLogger",
        "repositoryURL": "https://github.com/IBM-Swift/HeliumLogger.git",
        "state": {
          "branch": null,
          "revision": "fc2a71597ae974da5282d751bcc11965964bccce",
          "version": "2.0.0"
        }
      },
      {
        "package": "LoggerAPI",
        "repositoryURL": "https://github.com/Kitura/LoggerAPI.git",
        "state": {
          "branch": null,
          "revision": "4e6b45e850ffa275e8e26a24c6454fd709d5b6ac",
          "version": "2.0.0"
        }
      },
      {
        "package": "swift-argument-parser",
        "repositoryURL": "https://github.com/apple/swift-argument-parser",
        "state": {
          "branch": null,
          "revision": "fee6933f37fde9a5e12a1e4aeaa93fe60116ff2a",
          "version": "1.2.2"
        }
      },
      {
        "package": "swift-log",
        "repositoryURL": "https://github.com/apple/swift-log.git",
        "state": {
          "branch": null,
          "revision": "32e8d724467f8fe623624570367e3d50c5638e46",
          "version": "1.5.2"
        }
      }
    ]
  },
  "version": 1
}
